
Microsoft Visual Studio Solution File, Format Version 12.00
# Visual Studio Version 17
VisualStudioVersion = 17.12.35527.113
MinimumVisualStudioVersion = 10.0.40219.1
Project("{FAE04EC0-301F-11D3-BF4B-00C04F79EFBC}") = "API", "API\API.csproj", "{3B1C8C35-18A5-49C4-9DEF-C6F5F9CCA09E}"
EndProject
Project("{FAE04EC0-301F-11D3-BF4B-00C04F79EFBC}") = "MinimalAPI", "MinimalAPI\MinimalAPI.csproj", "{65F7C531-A990-42E7-A087-71387A443BA2}"
EndProject
Project("{2150E333-8FDC-42A3-9474-1A3956D46DE8}") = "src", "src", "{8D76942F-2E86-47C1-BCB2-9CED7EDEE7B5}"
EndProject
Project("{2150E333-8FDC-42A3-9474-1A3956D46DE8}") = "Solution Items", "Solution Items", "{6717CCE6-A726-4F9F-8AF3-27155BD618E5}"
	ProjectSection(SolutionItems) = preProject
		.gitignore = .gitignore
		README.md = README.md
	EndProjectSection
EndProject
Global
	GlobalSection(SolutionConfigurationPlatforms) = preSolution
		Debug|Any CPU = Debug|Any CPU
		Release|Any CPU = Release|Any CPU
	EndGlobalSection
	GlobalSection(ProjectConfigurationPlatforms) = postSolution
		{3B1C8C35-18A5-49C4-9DEF-C6F5F9CCA09E}.Debug|Any CPU.ActiveCfg = Debug|Any CPU
		{3B1C8C35-18A5-49C4-9DEF-C6F5F9CCA09E}.Debug|Any CPU.Build.0 = Debug|Any CPU
		{3B1C8C35-18A5-49C4-9DEF-C6F5F9CCA09E}.Release|Any CPU.ActiveCfg = Release|Any CPU
		{3B1C8C35-18A5-49C4-9DEF-C6F5F9CCA09E}.Release|Any CPU.Build.0 = Release|Any CPU
		{65F7C531-A990-42E7-A087-71387A443BA2}.Debug|Any CPU.ActiveCfg = Debug|Any CPU
		{65F7C531-A990-42E7-A087-71387A443BA2}.Debug|Any CPU.Build.0 = Debug|Any CPU
		{65F7C531-A990-42E7-A087-71387A443BA2}.Release|Any CPU.ActiveCfg = Release|Any CPU
		{65F7C531-A990-42E7-A087-71387A443BA2}.Release|Any CPU.Build.0 = Release|Any CPU
	EndGlobalSection
	GlobalSection(SolutionProperties) = preSolution
		HideSolutionNode = FALSE
	EndGlobalSection
	GlobalSection(NestedProjects) = preSolution
		{3B1C8C35-18A5-49C4-9DEF-C6F5F9CCA09E} = {8D76942F-2E86-47C1-BCB2-9CED7EDEE7B5}
		{65F7C531-A990-42E7-A087-71387A443BA2} = {8D76942F-2E86-47C1-BCB2-9CED7EDEE7B5}
	EndGlobalSection
EndGlobal
